# @generated by Move, please check-in and do not edit manually.

[move]
version = 3
manifest_digest = "BB55459E78963638D079F946B8031E8A52BF8648EDA59300E117E0BAB8A8E72C"
deps_digest = "3C4103934B1E040BB6B23F1D610B4EF9F2F1166A50A104EADCF77467C004C600"
dependencies = [
  { id = "Safemath", name = "Safemath" },
  { id = "Sui", name = "Sui" },
]

[[move.package]]
id = "MoveStdlib"
source = { git = "https://github.com/MystenLabs/sui.git", rev = "framework/testnet", subdir = "crates/sui-framework/packages/move-stdlib" }

[[move.package]]
id = "Safemath"
source = { local = "../safemath" }

dependencies = [
  { id = "Sui", name = "Sui" },
]

[[move.package]]
id = "Sui"
source = { git = "https://github.com/MystenLabs/sui.git", rev = "framework/testnet", subdir = "crates/sui-framework/packages/sui-framework" }

dependencies = [
  { id = "MoveStdlib", name = "MoveStdlib" },
]

[move.toolchain-version]
compiler-version = "1.48.0"
edition = "2024.beta"
flavor = "sui"

[env]

[env.testnet]
chain-id = "4c78adac"
original-published-id = "0x80ded5c56a6375c887fd4357487bd7d725712694b3b4b994d224b1ff23565364"
latest-published-id = "0x80ded5c56a6375c887fd4357487bd7d725712694b3b4b994d224b1ff23565364"
published-version = "1"
