# @generated by Move, please check-in and do not edit manually.

[move]
version = 3
manifest_digest = "E017026D66917B4A11FCF41E53F3B2BFB9ECAC119B5D71299F3626CCFB9B87CC"
deps_digest = "060AD7E57DFB13104F21BE5F5C3759D03F0553FC3229247D9A7A6B45F50D03A3"
dependencies = [
  { id = "Safemath", name = "Safemath" },
  { id = "Sui", name = "Sui" },
]
dev-dependencies = [
  { id = "Mockcoins", name = "Mockcoins" },
]

[[move.package]]
id = "Mockcoins"
source = { local = "../mockcoins" }

dependencies = [
  { id = "Sui", name = "Sui" },
]

[[move.package]]
id = "MoveStdlib"
source = { git = "https://github.com/MystenLabs/sui.git", rev = "framework/testnet", subdir = "crates/sui-framework/packages/move-stdlib" }

[[move.package]]
id = "Safemath"
source = { local = "../safemath" }

dependencies = [
  { id = "Sui", name = "Sui" },
]

[[move.package]]
id = "Sui"
source = { git = "https://github.com/MystenLabs/sui.git", rev = "framework/testnet", subdir = "crates/sui-framework/packages/sui-framework" }

dependencies = [
  { id = "MoveStdlib", name = "MoveStdlib" },
]

[move.toolchain-version]
compiler-version = "1.48.0"
edition = "2024.beta"
flavor = "sui"

[env]

[env.testnet]
chain-id = "4c78adac"
original-published-id = "0xb2b1282e8ab6135dcf350bb97144bae216ec1771fc9796fe31c793af88e76fa5"
latest-published-id = "0xb2b1282e8ab6135dcf350bb97144bae216ec1771fc9796fe31c793af88e76fa5"
published-version = "1"
